{
    "_readme": [
        "This file locks the dependencies of your project to a known state",
        "Read more about it at http://getcomposer.org/doc/01-basic-usage.md#composer-lock-the-lock-file",
        "This file is @generated automatically"
    ],
    "hash": "dd0c09da417a5ec99e4895b2d74d3fe2",
    "packages": [],
    "packages-dev": [
        {
            "name": "vanilla/garden",
            "version": "dev-master",
            "source": {
                "type": "git",
                "url": "https://github.com/vanilla/garden.git",
                "reference": "53f953c64b430f81ec373930880f88fcc42bb4d1"
            },
            "dist": {
                "type": "zip",
                "url": "https://api.github.com/repos/vanilla/garden/zipball/53f953c64b430f81ec373930880f88fcc42bb4d1",
                "reference": "53f953c64b430f81ec373930880f88fcc42bb4d1",
                "shasum": ""
            },
            "require": {
                "ext-json": "*",
                "ext-pdo": "*",
                "ext-pdo_mysql": "*",
                "ext-reflection": "*",
                "lib-curl": "*",
                "lib-pcre": "*",
                "php": ">=5.4.0"
            },
            "require-dev": {
                "bobthecow/faker": "dev-master"
            },
            "type": "library",
            "autoload": {
                "psr-4": {
                    "Garden\\": "src"
                },
                "files": [
                    "src/functions/autoload.php"
                ]
            },
            "autoload-dev": {
                "psr-4": {
                    "Garden\\Tests\\": "tests"
                }
            },
            "license": [
                "MIT"
            ],
            "authors": [
                {
                    "name": "Todd Burry",
                    "email": "todd@vanillaforums.com",
                    "role": "developer"
                },
                {
                    "name": "Tim Gunter",
                    "email": "tim@vanillaforums.com",
                    "role": "developer"
                }
            ],
            "description": "The garden framework.",
            "keywords": [
                "framework",
                "garden",
                "php",
                "vanilla",
                "vanilla forums"
            ],
            "support": {
                "issues": "https://github.com/vanilla/garden/issues",
                "forum": "http://vanillaforums.org/discussions",
                "source": "https://github.com/vanilla/garden"
            },
            "time": "2015-02-05 01:15:28"
        }
    ],
    "aliases": [],
    "minimum-stability": "stable",
    "stability-flags": {
        "vanilla/garden": 20
    },
    "prefer-stable": false,
    "prefer-lowest": false,
    "platform": {
        "php": ">=5.4.0",
        "lib-curl": "*"
    },
    "platform-dev": []
}
